
Microsoft Visual Studio Solution File, Format Version 12.00
# Visual Studio Version 17
VisualStudioVersion = 17.4.33213.308
MinimumVisualStudioVersion = 10.0.40219.1
Project("{FAE04EC0-301F-11D3-BF4B-00C04F79EFBC}") = "WoodPelletLib", "WoodPelletLib\WoodPelletLib.csproj", "{71C5F2B7-1890-4FB3-B554-2B9B7D32FDD3}"
EndProject
Project("{FAE04EC0-301F-11D3-BF4B-00C04F79EFBC}") = "WoodPelletLibTests", "WoodPelletLibTests\WoodPelletLibTests.csproj", "{58A2ECD3-D0B0-4452-BF0C-29AE2D03CA95}"
EndProject
Global
	GlobalSection(SolutionConfigurationPlatforms) = preSolution
		Debug|Any CPU = Debug|Any CPU
		Release|Any CPU = Release|Any CPU
	EndGlobalSection
	GlobalSection(ProjectConfigurationPlatforms) = postSolution
		{71C5F2B7-1890-4FB3-B554-2B9B7D32FDD3}.Debug|Any CPU.ActiveCfg = Debug|Any CPU
		{71C5F2B7-1890-4FB3-B554-2B9B7D32FDD3}.Debug|Any CPU.Build.0 = Debug|Any CPU
		{71C5F2B7-1890-4FB3-B554-2B9B7D32FDD3}.Release|Any CPU.ActiveCfg = Release|Any CPU
		{71C5F2B7-1890-4FB3-B554-2B9B7D32FDD3}.Release|Any CPU.Build.0 = Release|Any CPU
		{58A2ECD3-D0B0-4452-BF0C-29AE2D03CA95}.Debug|Any CPU.ActiveCfg = Debug|Any CPU
		{58A2ECD3-D0B0-4452-BF0C-29AE2D03CA95}.Debug|Any CPU.Build.0 = Debug|Any CPU
		{58A2ECD3-D0B0-4452-BF0C-29AE2D03CA95}.Release|Any CPU.ActiveCfg = Release|Any CPU
		{58A2ECD3-D0B0-4452-BF0C-29AE2D03CA95}.Release|Any CPU.Build.0 = Release|Any CPU
	EndGlobalSection
	GlobalSection(SolutionProperties) = preSolution
		HideSolutionNode = FALSE
	EndGlobalSection
	GlobalSection(ExtensibilityGlobals) = postSolution
		SolutionGuid = {1E4449AD-375B-42FB-8ED2-208734097487}
	EndGlobalSection
EndGlobal
